
Microsoft Visual Studio Solution File, Format Version 12.00
# Visual Studio Version 17
VisualStudioVersion = 17.8.34316.72
MinimumVisualStudioVersion = 10.0.40219.1
Project("{FAE04EC0-301F-11D3-BF4B-00C04F79EFBC}") = "LawnMowingBookingService", "LawnMowingBookingService\LawnMowingBookingService.csproj", "{1F2E922F-A11E-42B0-806F-57F6A530CC1C}"
EndProject
Global
	GlobalSection(SolutionConfigurationPlatforms) = preSolution
		Debug|Any CPU = Debug|Any CPU
		Release|Any CPU = Release|Any CPU
	EndGlobalSection
	GlobalSection(ProjectConfigurationPlatforms) = postSolution
		{1F2E922F-A11E-42B0-806F-57F6A530CC1C}.Debug|Any CPU.ActiveCfg = Debug|Any CPU
		{1F2E922F-A11E-42B0-806F-57F6A530CC1C}.Debug|Any CPU.Build.0 = Debug|Any CPU
		{1F2E922F-A11E-42B0-806F-57F6A530CC1C}.Release|Any CPU.ActiveCfg = Release|Any CPU
		{1F2E922F-A11E-42B0-806F-57F6A530CC1C}.Release|Any CPU.Build.0 = Release|Any CPU
	EndGlobalSection
	GlobalSection(SolutionProperties) = preSolution
		HideSolutionNode = FALSE
	EndGlobalSection
	GlobalSection(ExtensibilityGlobals) = postSolution
		SolutionGuid = {41A43191-EBBB-4F05-B3DD-6D056C31368C}
	EndGlobalSection
EndGlobal
